
Microsoft Visual Studio Solution File, Format Version 12.00
# Visual Studio Version 17
VisualStudioVersion = 17.7.34024.191
MinimumVisualStudioVersion = 10.0.40219.1
Project("{FAE04EC0-301F-11D3-BF4B-00C04F79EFBC}") = "DogumTarihindeYasHesaplama", "DogumTarihindeYasHesaplama.csproj", "{523938CD-8671-4E75-A317-2FB85825C6DC}"
EndProject
Global
	GlobalSection(SolutionConfigurationPlatforms) = preSolution
		Debug|Any CPU = Debug|Any CPU
		Release|Any CPU = Release|Any CPU
	EndGlobalSection
	GlobalSection(ProjectConfigurationPlatforms) = postSolution
		{523938CD-8671-4E75-A317-2FB85825C6DC}.Debug|Any CPU.ActiveCfg = Debug|Any CPU
		{523938CD-8671-4E75-A317-2FB85825C6DC}.Debug|Any CPU.Build.0 = Debug|Any CPU
		{523938CD-8671-4E75-A317-2FB85825C6DC}.Release|Any CPU.ActiveCfg = Release|Any CPU
		{523938CD-8671-4E75-A317-2FB85825C6DC}.Release|Any CPU.Build.0 = Release|Any CPU
	EndGlobalSection
	GlobalSection(SolutionProperties) = preSolution
		HideSolutionNode = FALSE
	EndGlobalSection
	GlobalSection(ExtensibilityGlobals) = postSolution
		SolutionGuid = {CDB3232E-15D6-4C7D-BC7E-230BD68E565E}
	EndGlobalSection
EndGlobal
