
Microsoft Visual Studio Solution File, Format Version 12.00
# Visual Studio Version 17
VisualStudioVersion = 17.7.34024.191
MinimumVisualStudioVersion = 10.0.40219.1
Project("{FAE04EC0-301F-11D3-BF4B-00C04F79EFBC}") = "FaktoriyelHesaplama", "FaktoriyelHesaplama.csproj", "{2DE183AF-98F2-4C71-AEB5-B9BD36A25245}"
EndProject
Global
	GlobalSection(SolutionConfigurationPlatforms) = preSolution
		Debug|Any CPU = Debug|Any CPU
		Release|Any CPU = Release|Any CPU
	EndGlobalSection
	GlobalSection(ProjectConfigurationPlatforms) = postSolution
		{2DE183AF-98F2-4C71-AEB5-B9BD36A25245}.Debug|Any CPU.ActiveCfg = Debug|Any CPU
		{2DE183AF-98F2-4C71-AEB5-B9BD36A25245}.Debug|Any CPU.Build.0 = Debug|Any CPU
		{2DE183AF-98F2-4C71-AEB5-B9BD36A25245}.Release|Any CPU.ActiveCfg = Release|Any CPU
		{2DE183AF-98F2-4C71-AEB5-B9BD36A25245}.Release|Any CPU.Build.0 = Release|Any CPU
	EndGlobalSection
	GlobalSection(SolutionProperties) = preSolution
		HideSolutionNode = FALSE
	EndGlobalSection
	GlobalSection(ExtensibilityGlobals) = postSolution
		SolutionGuid = {23085B6B-79AE-49C6-8553-056214A2F085}
	EndGlobalSection
EndGlobal
