
Microsoft Visual Studio Solution File, Format Version 12.00
# Visual Studio Version 17
VisualStudioVersion = 17.7.34221.43
MinimumVisualStudioVersion = 10.0.40219.1
Project("{FAE04EC0-301F-11D3-BF4B-00C04F79EFBC}") = "Carpim_Tablosu", "Carpim_Tablosu.csproj", "{11E256E1-55DA-4FBB-943F-9E67ADFA5BBA}"
EndProject
Global
	GlobalSection(SolutionConfigurationPlatforms) = preSolution
		Debug|Any CPU = Debug|Any CPU
		Release|Any CPU = Release|Any CPU
	EndGlobalSection
	GlobalSection(ProjectConfigurationPlatforms) = postSolution
		{11E256E1-55DA-4FBB-943F-9E67ADFA5BBA}.Debug|Any CPU.ActiveCfg = Debug|Any CPU
		{11E256E1-55DA-4FBB-943F-9E67ADFA5BBA}.Debug|Any CPU.Build.0 = Debug|Any CPU
		{11E256E1-55DA-4FBB-943F-9E67ADFA5BBA}.Release|Any CPU.ActiveCfg = Release|Any CPU
		{11E256E1-55DA-4FBB-943F-9E67ADFA5BBA}.Release|Any CPU.Build.0 = Release|Any CPU
	EndGlobalSection
	GlobalSection(SolutionProperties) = preSolution
		HideSolutionNode = FALSE
	EndGlobalSection
	GlobalSection(ExtensibilityGlobals) = postSolution
		SolutionGuid = {AE9FDE89-16A8-46A5-A5D3-4DD95CA8D06D}
	EndGlobalSection
EndGlobal
