
Microsoft Visual Studio Solution File, Format Version 12.00
# Visual Studio Version 17
VisualStudioVersion = 17.7.34024.191
MinimumVisualStudioVersion = 10.0.40219.1
Project("{FAE04EC0-301F-11D3-BF4B-00C04F79EFBC}") = "MİNİATM", "MİNİATM.csproj", "{9ADD683B-0FB5-4195-AEBF-8AB62C1C35FB}"
EndProject
Global
	GlobalSection(SolutionConfigurationPlatforms) = preSolution
		Debug|Any CPU = Debug|Any CPU
		Release|Any CPU = Release|Any CPU
	EndGlobalSection
	GlobalSection(ProjectConfigurationPlatforms) = postSolution
		{9ADD683B-0FB5-4195-AEBF-8AB62C1C35FB}.Debug|Any CPU.ActiveCfg = Debug|Any CPU
		{9ADD683B-0FB5-4195-AEBF-8AB62C1C35FB}.Debug|Any CPU.Build.0 = Debug|Any CPU
		{9ADD683B-0FB5-4195-AEBF-8AB62C1C35FB}.Release|Any CPU.ActiveCfg = Release|Any CPU
		{9ADD683B-0FB5-4195-AEBF-8AB62C1C35FB}.Release|Any CPU.Build.0 = Release|Any CPU
	EndGlobalSection
	GlobalSection(SolutionProperties) = preSolution
		HideSolutionNode = FALSE
	EndGlobalSection
	GlobalSection(ExtensibilityGlobals) = postSolution
		SolutionGuid = {E3B3CCD9-D4A8-4955-90B9-D5B146B8FFE0}
	EndGlobalSection
EndGlobal
